# This file is automatically @generated by Cargo.
# It is not intended for manual editing.
version = 3

[[package]]
name = "ansi-colors"
version = "0.3.0"
source = "registry+https://github.com/rust-lang/crates.io-index"
checksum = "093232fe8aaab7c69de6d88bd8abdfad2086d25e5c4cc84a49409955f2cb4f0b"

[[package]]
name = "rcalc"
version = "0.1.0"
dependencies = [
 "ansi-colors",
]
